
Microsoft Visual Studio Solution File, Format Version 12.00
# Visual Studio Version 17
VisualStudioVersion = 17.9.34728.123
MinimumVisualStudioVersion = 10.0.40219.1
Project("{FAE04EC0-301F-11D3-BF4B-00C04F79EFBC}") = "AppCrud", "AppCrud\AppCrud.csproj", "{8C8EE3E5-8DD1-471D-B1F7-94356832D6BE}"
EndProject
Global
	GlobalSection(SolutionConfigurationPlatforms) = preSolution
		Debug|Any CPU = Debug|Any CPU
		Release|Any CPU = Release|Any CPU
	EndGlobalSection
	GlobalSection(ProjectConfigurationPlatforms) = postSolution
		{8C8EE3E5-8DD1-471D-B1F7-94356832D6BE}.Debug|Any CPU.ActiveCfg = Debug|Any CPU
		{8C8EE3E5-8DD1-471D-B1F7-94356832D6BE}.Debug|Any CPU.Build.0 = Debug|Any CPU
		{8C8EE3E5-8DD1-471D-B1F7-94356832D6BE}.Release|Any CPU.ActiveCfg = Release|Any CPU
		{8C8EE3E5-8DD1-471D-B1F7-94356832D6BE}.Release|Any CPU.Build.0 = Release|Any CPU
	EndGlobalSection
	GlobalSection(SolutionProperties) = preSolution
		HideSolutionNode = FALSE
	EndGlobalSection
	GlobalSection(ExtensibilityGlobals) = postSolution
		SolutionGuid = {3FEA8EFC-4DA6-43AE-B73E-7AABA103310C}
	EndGlobalSection
EndGlobal
